
Microsoft Visual Studio Solution File, Format Version 12.00
# Visual Studio Version 17
VisualStudioVersion = 17.11.35327.3
MinimumVisualStudioVersion = 10.0.40219.1
Project("{FAE04EC0-301F-11D3-BF4B-00C04F79EFBC}") = "ConversorBinario", "ConversorBinario\ConversorBinario.csproj", "{DC0A57A8-EFF9-4603-A346-ECD55EF5AA01}"
EndProject
Global
	GlobalSection(SolutionConfigurationPlatforms) = preSolution
		Debug|Any CPU = Debug|Any CPU
		Release|Any CPU = Release|Any CPU
	EndGlobalSection
	GlobalSection(ProjectConfigurationPlatforms) = postSolution
		{DC0A57A8-EFF9-4603-A346-ECD55EF5AA01}.Debug|Any CPU.ActiveCfg = Debug|Any CPU
		{DC0A57A8-EFF9-4603-A346-ECD55EF5AA01}.Debug|Any CPU.Build.0 = Debug|Any CPU
		{DC0A57A8-EFF9-4603-A346-ECD55EF5AA01}.Release|Any CPU.ActiveCfg = Release|Any CPU
		{DC0A57A8-EFF9-4603-A346-ECD55EF5AA01}.Release|Any CPU.Build.0 = Release|Any CPU
	EndGlobalSection
	GlobalSection(SolutionProperties) = preSolution
		HideSolutionNode = FALSE
	EndGlobalSection
	GlobalSection(ExtensibilityGlobals) = postSolution
		SolutionGuid = {3B0A04C1-8754-4AC6-874F-21448C6C4EB8}
	EndGlobalSection
EndGlobal
